PODS:
  - callx (0.0.1):
    - Flutter
  - Flutter (1.0.0)

DEPENDENCIES:
  - callx (from `.symlinks/plugins/callx/ios`)
  - Flutter (from `Flutter`)

EXTERNAL SOURCES:
  callx:
    :path: ".symlinks/plugins/callx/ios"
  Flutter:
    :path: Flutter

SPEC CHECKSUMS:
  callx: 25267d11b8534d189b4c01c2c6f91d613710b4b2
  Flutter: 71a624a5bc0c04062bf19101d501e466baf2fb47

PODFILE CHECKSUM: 12d8c31f66ead02d02a1fb27ae23075a548643aa

COCOAPODS: 1.16.2
